// !$*UTF8*$!
{
	archiveVersion = 1;
	classes = {
	};
	objectVersion = 56;
	objects = {

/* Begin PBXBuildFile section */
		12F56BAE2C72F05F00E6648C /* AppDelegate.swift in Sources */ = {isa = PBXBuildFile; fileRef = 12F56BAD2C72F05F00E6648C /* AppDelegate.swift */; };
		12F56BB02C72F05F00E6648C /* SceneDelegate.swift in Sources */ = {isa = PBXBuildFile; fileRef = 12F56BAF2C72F05F00E6648C /* SceneDelegate.swift */; };
		12F56BB22C72F05F00E6648C /* ViewController.swift in Sources */ = {isa = PBXBuildFile; fileRef = 12F56BB12C72F05F00E6648C /* ViewController.swift */; };
		12F56BB52C72F05F00E6648C /* Main.storyboard in Resources */ = {isa = PBXBuildFile; fileRef = 12F56BB32C72F05F00E6648C /* Main.storyboard */; };
		12F56BB72C72F06100E6648C /* Assets.xcassets in Resources */ = {isa = PBXBuildFile; fileRef = 12F56BB62C72F06100E6648C /* Assets.xcassets */; };
		12F56BBA2C72F06100E6648C /* LaunchScreen.storyboard in Resources */ = {isa = PBXBuildFile; fileRef = 12F56BB82C72F06100E6648C /* LaunchScreen.storyboard */; };
		8DBC40D9D35890EC7ACDF1F9 /* Pods_CommentsAPIExample.framework in Frameworks */ = {isa = PBXBuildFile; fileRef = D37F13EBBA91FD40D155448F /* Pods_CommentsAPIExample.framework */; };
/* End PBXBuildFile section */

/* Begin PBXFileReference section */
		12F56BAA2C72F05F00E6648C /* CommentsAPIExample.app */ = {isa = PBXFileReference; explicitFileType = wrapper.application; includeInIndex = 0; path = CommentsAPIExample.app; sourceTree = BUILT_PRODUCTS_DIR; };
		12F56BAD2C72F05F00E6648C /* AppDelegate.swift */ = {isa = PBXFileReference; lastKnownFileType = sourcecode.swift; path = AppDelegate.swift; sourceTree = "<group>"; };
		12F56BAF2C72F05F00E6648C /* SceneDelegate.swift */ = {isa = PBXFileReference; lastKnownFileType = sourcecode.swift; path = SceneDelegate.swift; sourceTree = "<group>"; };
		12F56BB12C72F05F00E6648C /* ViewController.swift */ = {isa = PBXFileReference; lastKnownFileType = sourcecode.swift; path = ViewController.swift; sourceTree = "<group>"; };
		12F56BB42C72F05F00E6648C /* Base */ = {isa = PBXFileReference; lastKnownFileType = file.storyboard; name = Base; path = Base.lproj/Main.storyboard; sourceTree = "<group>"; };
		12F56BB62C72F06100E6648C /* Assets.xcassets */ = {isa = PBXFileReference; lastKnownFileType = folder.assetcatalog; path = Assets.xcassets; sourceTree = "<group>"; };
		12F56BB92C72F06100E6648C /* Base */ = {isa = PBXFileReference; lastKnownFileType = file.storyboard; name = Base; path = Base.lproj/LaunchScreen.storyboard; sourceTree = "<group>"; };
		12F56BBB2C72F06100E6648C /* Info.plist */ = {isa = PBXFileReference; lastKnownFileType = text.plist.xml; path = Info.plist; sourceTree = "<group>"; };
		6C89D94FDD852B07F8D9DC2A /* Pods-CommentsAPIExample.release.xcconfig */ = {isa = PBXFileReference; includeInIndex = 1; lastKnownFileType = text.xcconfig; name = "Pods-CommentsAPIExample.release.xcconfig"; path = "Target Support Files/Pods-CommentsAPIExample/Pods-CommentsAPIExample.release.xcconfig"; sourceTree = "<group>"; };
		B521322942736604E0A82895 /* Pods-CommentsAPIExample.debug.xcconfig */ = {isa = PBXFileReference; includeInIndex = 1; lastKnownFileType = text.xcconfig; name = "Pods-CommentsAPIExample.debug.xcconfig"; path = "Target Support Files/Pods-CommentsAPIExample/Pods-CommentsAPIExample.debug.xcconfig"; sourceTree = "<group>"; };
		D37F13EBBA91FD40D155448F /* Pods_CommentsAPIExample.framework */ = {isa = PBXFileReference; explicitFileType = wrapper.framework; includeInIndex = 0; path = Pods_CommentsAPIExample.framework; sourceTree = BUILT_PRODUCTS_DIR; };
/* End PBXFileReference section */

/* Begin PBXFrameworksBuildPhase section */
		12F56BA72C72F05F00E6648C /* Frameworks */ = {
			isa = PBXFrameworksBuildPhase;
			buildActionMask = 2147483647;
			files = (
				8DBC40D9D35890EC7ACDF1F9 /* Pods_CommentsAPIExample.framework in Frameworks */,
			);
			runOnlyForDeploymentPostprocessing = 0;
		};
/* End PBXFrameworksBuildPhase section */

/* Begin PBXGroup section */
		12F56BA12C72F05F00E6648C = {
			isa = PBXGroup;
			children = (
				12F56BAC2C72F05F00E6648C /* CommentsAPIExample */,
				12F56BAB2C72F05F00E6648C /* Products */,
				EE12D76B12A820D5EDFD0831 /* Pods */,
				41BAC2DE476B5A1E3E409627 /* Frameworks */,
			);
			sourceTree = "<group>";
		};
		12F56BAB2C72F05F00E6648C /* Products */ = {
			isa = PBXGroup;
			children = (
				12F56BAA2C72F05F00E6648C /* CommentsAPIExample.app */,
			);
			name = Products;
			sourceTree = "<group>";
		};
		12F56BAC2C72F05F00E6648C /* CommentsAPIExample */ = {
			isa = PBXGroup;
			children = (
				12F56BAD2C72F05F00E6648C /* AppDelegate.swift */,
				12F56BAF2C72F05F00E6648C /* SceneDelegate.swift */,
				12F56BB12C72F05F00E6648C /* ViewController.swift */,
				12F56BB32C72F05F00E6648C /* Main.storyboard */,
				12F56BB62C72F06100E6648C /* Assets.xcassets */,
				12F56BB82C72F06100E6648C /* LaunchScreen.storyboard */,
				12F56BBB2C72F06100E6648C /* Info.plist */,
			);
			path = CommentsAPIExample;
			sourceTree = "<group>";
		};
		41BAC2DE476B5A1E3E409627 /* Frameworks */ = {
			isa = PBXGroup;
			children = (
				D37F13EBBA91FD40D155448F /* Pods_CommentsAPIExample.framework */,
			);
			name = Frameworks;
			sourceTree = "<group>";
		};
		EE12D76B12A820D5EDFD0831 /* Pods */ = {
			isa = PBXGroup;
			children = (
				B521322942736604E0A82895 /* Pods-CommentsAPIExample.debug.xcconfig */,
				6C89D94FDD852B07F8D9DC2A /* Pods-CommentsAPIExample.release.xcconfig */,
			);
			name = Pods;
			path = Pods;
			sourceTree = "<group>";
		};
/* End PBXGroup section */

/* Begin PBXNativeTarget section */
		12F56BA92C72F05F00E6648C /* CommentsAPIExample */ = {
			isa = PBXNativeTarget;
			buildConfigurationList = 12F56BBE2C72F06100E6648C /* Build configuration list for PBXNativeTarget "CommentsAPIExample" */;
			buildPhases = (
				4C4EE3EC79C7BB988B54C6C0 /* [CP] Check Pods Manifest.lock */,
				12F56BA62C72F05F00E6648C /* Sources */,
				12F56BA72C72F05F00E6648C /* Frameworks */,
				12F56BA82C72F05F00E6648C /* Resources */,
				08020F7B86531F5245E4F18F /* [CP] Embed Pods Frameworks */,
			);
			buildRules = (
			);
			dependencies = (
			);
			name = CommentsAPIExample;
			productName = CommentsAPIExample;
			productReference = 12F56BAA2C72F05F00E6648C /* CommentsAPIExample.app */;
			productType = "com.apple.product-type.application";
		};
/* End PBXNativeTarget section */

/* Begin PBXProject section */
		12F56BA22C72F05F00E6648C /* Project object */ = {
			isa = PBXProject;
			attributes = {
				BuildIndependentTargetsInParallel = 1;
				LastSwiftUpdateCheck = 1510;
				LastUpgradeCheck = 1510;
				TargetAttributes = {
					12F56BA92C72F05F00E6648C = {
						CreatedOnToolsVersion = 15.1;
					};
				};
			};
			buildConfigurationList = 12F56BA52C72F05F00E6648C /* Build configuration list for PBXProject "CommentsAPIExample" */;
			compatibilityVersion = "Xcode 14.0";
			developmentRegion = en;
			hasScannedForEncodings = 0;
			knownRegions = (
				en,
				Base,
			);
			mainGroup = 12F56BA12C72F05F00E6648C;
			productRefGroup = 12F56BAB2C72F05F00E6648C /* Products */;
			projectDirPath = "";
			projectRoot = "";
			targets = (
				12F56BA92C72F05F00E6648C /* CommentsAPIExample */,
			);
		};
/* End PBXProject section */

/* Begin PBXResourcesBuildPhase section */
		12F56BA82C72F05F00E6648C /* Resources */ = {
			isa = PBXResourcesBuildPhase;
			buildActionMask = 2147483647;
			files = (
				12F56BBA2C72F06100E6648C /* LaunchScreen.storyboard in Resources */,
				12F56BB72C72F06100E6648C /* Assets.xcassets in Resources */,
				12F56BB52C72F05F00E6648C /* Main.storyboard in Resources */,
			);
			runOnlyForDeploymentPostprocessing = 0;
		};
/* End PBXResourcesBuildPhase section */

/* Begin PBXShellScriptBuildPhase section */
		08020F7B86531F5245E4F18F /* [CP] Embed Pods Frameworks */ = {
			isa = PBXShellScriptBuildPhase;
			buildActionMask = 2147483647;
			files = (
			);
			inputFileListPaths = (
				"${PODS_ROOT}/Target Support Files/Pods-CommentsAPIExample/Pods-CommentsAPIExample-frameworks-${CONFIGURATION}-input-files.xcfilelist",
			);
			name = "[CP] Embed Pods Frameworks";
			outputFileListPaths = (
				"${PODS_ROOT}/Target Support Files/Pods-CommentsAPIExample/Pods-CommentsAPIExample-frameworks-${CONFIGURATION}-output-files.xcfilelist",
			);
			runOnlyForDeploymentPostprocessing = 0;
			shellPath = /bin/sh;
			shellScript = "\"${PODS_ROOT}/Target Support Files/Pods-CommentsAPIExample/Pods-CommentsAPIExample-frameworks.sh\"\n";
			showEnvVarsInLog = 0;
		};
		4C4EE3EC79C7BB988B54C6C0 /* [CP] Check Pods Manifest.lock */ = {
			isa = PBXShellScriptBuildPhase;
			buildActionMask = 2147483647;
			files = (
			);
			inputFileListPaths = (
			);
			inputPaths = (
				"${PODS_PODFILE_DIR_PATH}/Podfile.lock",
				"${PODS_ROOT}/Manifest.lock",
			);
			name = "[CP] Check Pods Manifest.lock";
			outputFileListPaths = (
			);
			outputPaths = (
				"$(DERIVED_FILE_DIR)/Pods-CommentsAPIExample-checkManifestLockResult.txt",
			);
			runOnlyForDeploymentPostprocessing = 0;
			shellPath = /bin/sh;
			shellScript = "diff \"${PODS_PODFILE_DIR_PATH}/Podfile.lock\" \"${PODS_ROOT}/Manifest.lock\" > /dev/null\nif [ $? != 0 ] ; then\n    # print error to STDERR\n    echo \"error: The sandbox is not in sync with the Podfile.lock. Run 'pod install' or update your CocoaPods installation.\" >&2\n    exit 1\nfi\n# This output is used by Xcode 'outputs' to avoid re-running this script phase.\necho \"SUCCESS\" > \"${SCRIPT_OUTPUT_FILE_0}\"\n";
			showEnvVarsInLog = 0;
		};
/* End PBXShellScriptBuildPhase section */

/* Begin PBXSourcesBuildPhase section */
		12F56BA62C72F05F00E6648C /* Sources */ = {
			isa = PBXSourcesBuildPhase;
			buildActionMask = 2147483647;
			files = (
				12F56BB22C72F05F00E6648C /* ViewController.swift in Sources */,
				12F56BAE2C72F05F00E6648C /* AppDelegate.swift in Sources */,
				12F56BB02C72F05F00E6648C /* SceneDelegate.swift in Sources */,
			);
			runOnlyForDeploymentPostprocessing = 0;
		};
/* End PBXSourcesBuildPhase section */

/* Begin PBXVariantGroup section */
		12F56BB32C72F05F00E6648C /* Main.storyboard */ = {
			isa = PBXVariantGroup;
			children = (
				12F56BB42C72F05F00E6648C /* Base */,
			);
			name = Main.storyboard;
			sourceTree = "<group>";
		};
		12F56BB82C72F06100E6648C /* LaunchScreen.storyboard */ = {
			isa = PBXVariantGroup;
			children = (
				12F56BB92C72F06100E6648C /* Base */,
			);
			name = LaunchScreen.storyboard;
			sourceTree = "<group>";
		};
/* End PBXVariantGroup section */

/* Begin XCBuildConfiguration section */
		12F56BBC2C72F06100E6648C /* Debug */ = {
			isa = XCBuildConfiguration;
			buildSettings = {
				ALWAYS_SEARCH_USER_PATHS = NO;
				ASSETCATALOG_COMPILER_GENERATE_SWIFT_ASSET_SYMBOL_EXTENSIONS = YES;
				CLANG_ANALYZER_NONNULL = YES;
				CLANG_ANALYZER_NUMBER_OBJECT_CONVERSION = YES_AGGRESSIVE;
				CLANG_CXX_LANGUAGE_STANDARD = "gnu++20";
				CLANG_ENABLE_MODULES = YES;
				CLANG_ENABLE_OBJC_ARC = YES;
				CLANG_ENABLE_OBJC_WEAK = YES;
				CLANG_WARN_BLOCK_CAPTURE_AUTORELEASING = YES;
				CLANG_WARN_BOOL_CONVERSION = YES;
				CLANG_WARN_COMMA = YES;
				CLANG_WARN_CONSTANT_CONVERSION = YES;
				CLANG_WARN_DEPRECATED_OBJC_IMPLEMENTATIONS = YES;
				CLANG_WARN_DIRECT_OBJC_ISA_USAGE = YES_ERROR;
				CLANG_WARN_DOCUMENTATION_COMMENTS = YES;
				CLANG_WARN_EMPTY_BODY = YES;
				CLANG_WARN_ENUM_CONVERSION = YES;
				CLANG_WARN_INFINITE_RECURSION = YES;
				CLANG_WARN_INT_CONVERSION = YES;
				CLANG_WARN_NON_LITERAL_NULL_CONVERSION = YES;
				CLANG_WARN_OBJC_IMPLICIT_RETAIN_SELF = YES;
				CLANG_WARN_OBJC_LITERAL_CONVERSION = YES;
				CLANG_WARN_OBJC_ROOT_CLASS = YES_ERROR;
				CLANG_WARN_QUOTED_INCLUDE_IN_FRAMEWORK_HEADER = YES;
				CLANG_WARN_RANGE_LOOP_ANALYSIS = YES;
				CLANG_WARN_STRICT_PROTOTYPES = YES;
				CLANG_WARN_SUSPICIOUS_MOVE = YES;
				CLANG_WARN_UNGUARDED_AVAILABILITY = YES_AGGRESSIVE;
				CLANG_WARN_UNREACHABLE_CODE = YES;
				CLANG_WARN__DUPLICATE_METHOD_MATCH = YES;
				COPY_PHASE_STRIP = NO;
				DEBUG_INFORMATION_FORMAT = dwarf;
				ENABLE_STRICT_OBJC_MSGSEND = YES;
				ENABLE_TESTABILITY = YES;
				ENABLE_USER_SCRIPT_SANDBOXING = YES;
				GCC_C_LANGUAGE_STANDARD = gnu17;
				GCC_DYNAMIC_NO_PIC = NO;
				GCC_NO_COMMON_BLOCKS = YES;
				GCC_OPTIMIZATION_LEVEL = 0;
				GCC_PREPROCESSOR_DEFINITIONS = (
					"DEBUG=1",
					"$(inherited)",
				);
				GCC_WARN_64_TO_32_BIT_CONVERSION = YES;
				GCC_WARN_ABOUT_RETURN_TYPE = YES_ERROR;
				GCC_WARN_UNDECLARED_SELECTOR = YES;
				GCC_WARN_UNINITIALIZED_AUTOS = YES_AGGRESSIVE;
				GCC_WARN_UNUSED_FUNCTION = YES;
				GCC_WARN_UNUSED_VARIABLE = YES;
				IPHONEOS_DEPLOYMENT_TARGET = 17.2;
				LOCALIZATION_PREFERS_STRING_CATALOGS = YES;
				MTL_ENABLE_DEBUG_INFO = INCLUDE_SOURCE;
				MTL_FAST_MATH = YES;
				ONLY_ACTIVE_ARCH = YES;
				SDKROOT = iphoneos;
				SWIFT_ACTIVE_COMPILATION_CONDITIONS = "DEBUG $(inherited)";
				SWIFT_OPTIMIZATION_LEVEL = "-Onone";
			};
			name = Debug;
		};
		12F56BBD2C72F06100E6648C /* Release */ = {
			isa = XCBuildConfiguration;
			buildSettings = {
				ALWAYS_SEARCH_USER_PATHS = NO;
				ASSETCATALOG_COMPILER_GENERATE_SWIFT_ASSET_SYMBOL_EXTENSIONS = YES;
				CLANG_ANALYZER_NONNULL = YES;
				CLANG_ANALYZER_NUMBER_OBJECT_CONVERSION = YES_AGGRESSIVE;
				CLANG_CXX_LANGUAGE_STANDARD = "gnu++20";
				CLANG_ENABLE_MODULES = YES;
				CLANG_ENABLE_OBJC_ARC = YES;
				CLANG_ENABLE_OBJC_WEAK = YES;
				CLANG_WARN_BLOCK_CAPTURE_AUTORELEASING = YES;
				CLANG_WARN_BOOL_CONVERSION = YES;
				CLANG_WARN_COMMA = YES;
				CLANG_WARN_CONSTANT_CONVERSION = YES;
				CLANG_WARN_DEPRECATED_OBJC_IMPLEMENTATIONS = YES;
				CLANG_WARN_DIRECT_OBJC_ISA_USAGE = YES_ERROR;
				CLANG_WARN_DOCUMENTATION_COMMENTS = YES;
				CLANG_WARN_EMPTY_BODY = YES;
				CLANG_WARN_ENUM_CONVERSION = YES;
				CLANG_WARN_INFINITE_RECURSION = YES;
				CLANG_WARN_INT_CONVERSION = YES;
				CLANG_WARN_NON_LITERAL_NULL_CONVERSION = YES;
				CLANG_WARN_OBJC_IMPLICIT_RETAIN_SELF = YES;
				CLANG_WARN_OBJC_LITERAL_CONVERSION = YES;
				CLANG_WARN_OBJC_ROOT_CLASS = YES_ERROR;
				CLANG_WARN_QUOTED_INCLUDE_IN_FRAMEWORK_HEADER = YES;
				CLANG_WARN_RANGE_LOOP_ANALYSIS = YES;
				CLANG_WARN_STRICT_PROTOTYPES = YES;
				CLANG_WARN_SUSPICIOUS_MOVE = YES;
				CLANG_WARN_UNGUARDED_AVAILABILITY = YES_AGGRESSIVE;
				CLANG_WARN_UNREACHABLE_CODE = YES;
				CLANG_WARN__DUPLICATE_METHOD_MATCH = YES;
				COPY_PHASE_STRIP = NO;
				DEBUG_INFORMATION_FORMAT = "dwarf-with-dsym";
				ENABLE_NS_ASSERTIONS = NO;
				ENABLE_STRICT_OBJC_MSGSEND = YES;
				ENABLE_USER_SCRIPT_SANDBOXING = YES;
				GCC_C_LANGUAGE_STANDARD = gnu17;
				GCC_NO_COMMON_BLOCKS = YES;
				GCC_WARN_64_TO_32_BIT_CONVERSION = YES;
				GCC_WARN_ABOUT_RETURN_TYPE = YES_ERROR;
				GCC_WARN_UNDECLARED_SELECTOR = YES;
				GCC_WARN_UNINITIALIZED_AUTOS = YES_AGGRESSIVE;
				GCC_WARN_UNUSED_FUNCTION = YES;
				GCC_WARN_UNUSED_VARIABLE = YES;
				IPHONEOS_DEPLOYMENT_TARGET = 17.2;
				LOCALIZATION_PREFERS_STRING_CATALOGS = YES;
				MTL_ENABLE_DEBUG_INFO = NO;
				MTL_FAST_MATH = YES;
				SDKROOT = iphoneos;
				SWIFT_COMPILATION_MODE = wholemodule;
				VALIDATE_PRODUCT = YES;
			};
			name = Release;
		};
		12F56BBF2C72F06100E6648C /* Debug */ = {
			isa = XCBuildConfiguration;
			baseConfigurationReference = B521322942736604E0A82895 /* Pods-CommentsAPIExample.debug.xcconfig */;
			buildSettings = {
				ASSETCATALOG_COMPILER_APPICON_NAME = AppIcon;
				ASSETCATALOG_COMPILER_GLOBAL_ACCENT_COLOR_NAME = AccentColor;
				CODE_SIGN_STYLE = Automatic;
				CURRENT_PROJECT_VERSION = 1;
				ENABLE_USER_SCRIPT_SANDBOXING = NO;
				GENERATE_INFOPLIST_FILE = YES;
				INFOPLIST_FILE = CommentsAPIExample/Info.plist;
				INFOPLIST_KEY_UIApplicationSupportsIndirectInputEvents = YES;
				INFOPLIST_KEY_UILaunchStoryboardName = LaunchScreen;
				INFOPLIST_KEY_UIMainStoryboardFile = Main;
				INFOPLIST_KEY_UISupportedInterfaceOrientations_iPad = "UIInterfaceOrientationPortrait UIInterfaceOrientationPortraitUpsideDown UIInterfaceOrientationLandscapeLeft UIInterfaceOrientationLandscapeRight";
				INFOPLIST_KEY_UISupportedInterfaceOrientations_iPhone = "UIInterfaceOrientationPortrait UIInterfaceOrientationLandscapeLeft UIInterfaceOrientationLandscapeRight";
				LD_RUNPATH_SEARCH_PATHS = (
					"$(inherited)",
					"@executable_path/Frameworks",
				);
				MARKETING_VERSION = 1.0;
				PRODUCT_BUNDLE_IDENTIFIER = tam.demo.CommentsAPIExample;
				PRODUCT_NAME = "$(TARGET_NAME)";
				SWIFT_EMIT_LOC_STRINGS = YES;
				SWIFT_VERSION = 5.0;
				TARGETED_DEVICE_FAMILY = "1,2";
			};
			name = Debug;
		};
		12F56BC02C72F06100E6648C /* Release */ = {
			isa = XCBuildConfiguration;
			baseConfigurationReference = 6C89D94FDD852B07F8D9DC2A /* Pods-CommentsAPIExample.release.xcconfig */;
			buildSettings = {
				ASSETCATALOG_COMPILER_APPICON_NAME = AppIcon;
				ASSETCATALOG_COMPILER_GLOBAL_ACCENT_COLOR_NAME = AccentColor;
				CODE_SIGN_STYLE = Automatic;
				CURRENT_PROJECT_VERSION = 1;
				ENABLE_USER_SCRIPT_SANDBOXING = NO;
				GENERATE_INFOPLIST_FILE = YES;
				INFOPLIST_FILE = CommentsAPIExample/Info.plist;
				INFOPLIST_KEY_UIApplicationSupportsIndirectInputEvents = YES;
				INFOPLIST_KEY_UILaunchStoryboardName = LaunchScreen;
				INFOPLIST_KEY_UIMainStoryboardFile = Main;
				INFOPLIST_KEY_UISupportedInterfaceOrientations_iPad = "UIInterfaceOrientationPortrait UIInterfaceOrientationPortraitUpsideDown UIInterfaceOrientationLandscapeLeft UIInterfaceOrientationLandscapeRight";
				INFOPLIST_KEY_UISupportedInterfaceOrientations_iPhone = "UIInterfaceOrientationPortrait UIInterfaceOrientationLandscapeLeft UIInterfaceOrientationLandscapeRight";
				LD_RUNPATH_SEARCH_PATHS = (
					"$(inherited)",
					"@executable_path/Frameworks",
				);
				MARKETING_VERSION = 1.0;
				PRODUCT_BUNDLE_IDENTIFIER = tam.demo.CommentsAPIExample;
				PRODUCT_NAME = "$(TARGET_NAME)";
				SWIFT_EMIT_LOC_STRINGS = YES;
				SWIFT_VERSION = 5.0;
				TARGETED_DEVICE_FAMILY = "1,2";
			};
			name = Release;
		};
/* End XCBuildConfiguration section */

/* Begin XCConfigurationList section */
		12F56BA52C72F05F00E6648C /* Build configuration list for PBXProject "CommentsAPIExample" */ = {
			isa = XCConfigurationList;
			buildConfigurations = (
				12F56BBC2C72F06100E6648C /* Debug */,
				12F56BBD2C72F06100E6648C /* Release */,
			);
			defaultConfigurationIsVisible = 0;
			defaultConfigurationName = Release;
		};
		12F56BBE2C72F06100E6648C /* Build configuration list for PBXNativeTarget "CommentsAPIExample" */ = {
			isa = XCConfigurationList;
			buildConfigurations = (
				12F56BBF2C72F06100E6648C /* Debug */,
				12F56BC02C72F06100E6648C /* Release */,
			);
			defaultConfigurationIsVisible = 0;
			defaultConfigurationName = Release;
		};
/* End XCConfigurationList section */
	};
	rootObject = 12F56BA22C72F05F00E6648C /* Project object */;
}
